
Microsoft Visual Studio Solution File, Format Version 12.00
# Visual Studio Version 16
VisualStudioVersion = 16.0.29709.97
MinimumVisualStudioVersion = 10.0.40219.1
Project("{FAE04EC0-301F-11D3-BF4B-00C04F79EFBC}") = "DatePicker", "DatePicker.csproj", "{4F4E8919-5856-47D7-A09B-1F86CA5F142C}"
EndProject
Global
	GlobalSection(SolutionConfigurationPlatforms) = preSolution
		Debug|Any CPU = Debug|Any CPU
		Release|Any CPU = Release|Any CPU
	EndGlobalSection
	GlobalSection(ProjectConfigurationPlatforms) = postSolution
		{4F4E8919-5856-47D7-A09B-1F86CA5F142C}.Debug|Any CPU.ActiveCfg = Debug|Any CPU
		{4F4E8919-5856-47D7-A09B-1F86CA5F142C}.Debug|Any CPU.Build.0 = Debug|Any CPU
		{4F4E8919-5856-47D7-A09B-1F86CA5F142C}.Release|Any CPU.ActiveCfg = Release|Any CPU
		{4F4E8919-5856-47D7-A09B-1F86CA5F142C}.Release|Any CPU.Build.0 = Release|Any CPU
	EndGlobalSection
	GlobalSection(SolutionProperties) = preSolution
		HideSolutionNode = FALSE
	EndGlobalSection
	GlobalSection(ExtensibilityGlobals) = postSolution
		SolutionGuid = {AD85C892-E373-418A-B824-D9517428D380}
	EndGlobalSection
EndGlobal
